// !$*UTF8*$!
{
	archiveVersion = 1;
	classes = {
	};
	objectVersion = 56;
	objects = {

/* Begin PBXBuildFile section */
		FC4E73FD29817066008AF866 /* DemoView.swift in Sources */ = {isa = PBXBuildFile; fileRef = FC4E73FC29817066008AF866 /* DemoView.swift */; };
		FC5AAD93293F3A4E001140AF /* ZenDots-Regular.ttf in Resources */ = {isa = PBXBuildFile; fileRef = FC5AAD92293F3A4E001140AF /* ZenDots-Regular.ttf */; };
		FC5AAD96293F5208001140AF /* InfoView.swift in Sources */ = {isa = PBXBuildFile; fileRef = FC5AAD95293F5208001140AF /* InfoView.swift */; };
		FC5DEC182939513900B6FCB9 /* SUIfirstApp.swift in Sources */ = {isa = PBXBuildFile; fileRef = FC5DEC172939513900B6FCB9 /* SUIfirstApp.swift */; };
		FC5DEC1A2939513900B6FCB9 /* ContentView.swift in Sources */ = {isa = PBXBuildFile; fileRef = FC5DEC192939513900B6FCB9 /* ContentView.swift */; };
		FC5DEC1C2939513B00B6FCB9 /* Assets.xcassets in Resources */ = {isa = PBXBuildFile; fileRef = FC5DEC1B2939513B00B6FCB9 /* Assets.xcassets */; };
		FC5DEC1F2939513B00B6FCB9 /* Preview Assets.xcassets in Resources */ = {isa = PBXBuildFile; fileRef = FC5DEC1E2939513B00B6FCB9 /* Preview Assets.xcassets */; };
/* End PBXBuildFile section */

/* Begin PBXFileReference section */
		FC4E73FC29817066008AF866 /* DemoView.swift */ = {isa = PBXFileReference; lastKnownFileType = sourcecode.swift; path = DemoView.swift; sourceTree = "<group>"; };
		FC5AAD92293F3A4E001140AF /* ZenDots-Regular.ttf */ = {isa = PBXFileReference; lastKnownFileType = file; path = "ZenDots-Regular.ttf"; sourceTree = "<group>"; };
		FC5AAD94293F3BD0001140AF /* Info.plist */ = {isa = PBXFileReference; lastKnownFileType = text.plist; path = Info.plist; sourceTree = "<group>"; };
		FC5AAD95293F5208001140AF /* InfoView.swift */ = {isa = PBXFileReference; lastKnownFileType = sourcecode.swift; path = InfoView.swift; sourceTree = "<group>"; };
		FC5DEC142939513900B6FCB9 /* SUIfirst.app */ = {isa = PBXFileReference; explicitFileType = wrapper.application; includeInIndex = 0; path = SUIfirst.app; sourceTree = BUILT_PRODUCTS_DIR; };
		FC5DEC172939513900B6FCB9 /* SUIfirstApp.swift */ = {isa = PBXFileReference; lastKnownFileType = sourcecode.swift; path = SUIfirstApp.swift; sourceTree = "<group>"; };
		FC5DEC192939513900B6FCB9 /* ContentView.swift */ = {isa = PBXFileReference; lastKnownFileType = sourcecode.swift; path = ContentView.swift; sourceTree = "<group>"; };
		FC5DEC1B2939513B00B6FCB9 /* Assets.xcassets */ = {isa = PBXFileReference; lastKnownFileType = folder.assetcatalog; path = Assets.xcassets; sourceTree = "<group>"; };
		FC5DEC1E2939513B00B6FCB9 /* Preview Assets.xcassets */ = {isa = PBXFileReference; lastKnownFileType = folder.assetcatalog; path = "Preview Assets.xcassets"; sourceTree = "<group>"; };
/* End PBXFileReference section */

/* Begin PBXFrameworksBuildPhase section */
		FC5DEC112939513900B6FCB9 /* Frameworks */ = {
			isa = PBXFrameworksBuildPhase;
			buildActionMask = 2147483647;
			files = (
			);
			runOnlyForDeploymentPostprocessing = 0;
		};
/* End PBXFrameworksBuildPhase section */

/* Begin PBXGroup section */
		FC5AAD91293F3A3B001140AF /* fonts */ = {
			isa = PBXGroup;
			children = (
				FC5AAD92293F3A4E001140AF /* ZenDots-Regular.ttf */,
			);
			path = fonts;
			sourceTree = "<group>";
		};
		FC5DEC0B2939513900B6FCB9 = {
			isa = PBXGroup;
			children = (
				FC5DEC162939513900B6FCB9 /* SUIfirst */,
				FC5DEC152939513900B6FCB9 /* Products */,
			);
			sourceTree = "<group>";
		};
		FC5DEC152939513900B6FCB9 /* Products */ = {
			isa = PBXGroup;
			children = (
				FC5DEC142939513900B6FCB9 /* SUIfirst.app */,
			);
			name = Products;
			sourceTree = "<group>";
		};
		FC5DEC162939513900B6FCB9 /* SUIfirst */ = {
			isa = PBXGroup;
			children = (
				FC5AAD94293F3BD0001140AF /* Info.plist */,
				FC5AAD91293F3A3B001140AF /* fonts */,
				FC5DEC172939513900B6FCB9 /* SUIfirstApp.swift */,
				FC5DEC192939513900B6FCB9 /* ContentView.swift */,
				FC5AAD95293F5208001140AF /* InfoView.swift */,
				FC5DEC1B2939513B00B6FCB9 /* Assets.xcassets */,
				FC5DEC1D2939513B00B6FCB9 /* Preview Content */,
				FC4E73FC29817066008AF866 /* DemoView.swift */,
			);
			path = SUIfirst;
			sourceTree = "<group>";
		};
		FC5DEC1D2939513B00B6FCB9 /* Preview Content */ = {
			isa = PBXGroup;
			children = (
				FC5DEC1E2939513B00B6FCB9 /* Preview Assets.xcassets */,
			);
			path = "Preview Content";
			sourceTree = "<group>";
		};
/* End PBXGroup section */

/* Begin PBXNativeTarget section */
		FC5DEC132939513900B6FCB9 /* SUIfirst */ = {
			isa = PBXNativeTarget;
			buildConfigurationList = FC5DEC222939513B00B6FCB9 /* Build configuration list for PBXNativeTarget "SUIfirst" */;
			buildPhases = (
				FC5DEC102939513900B6FCB9 /* Sources */,
				FC5DEC112939513900B6FCB9 /* Frameworks */,
				FC5DEC122939513900B6FCB9 /* Resources */,
			);
			buildRules = (
			);
			dependencies = (
			);
			name = SUIfirst;
			productName = SUIfirst;
			productReference = FC5DEC142939513900B6FCB9 /* SUIfirst.app */;
			productType = "com.apple.product-type.application";
		};
/* End PBXNativeTarget section */

/* Begin PBXProject section */
		FC5DEC0C2939513900B6FCB9 /* Project object */ = {
			isa = PBXProject;
			attributes = {
				BuildIndependentTargetsInParallel = 1;
				LastSwiftUpdateCheck = 1410;
				LastUpgradeCheck = 1410;
				TargetAttributes = {
					FC5DEC132939513900B6FCB9 = {
						CreatedOnToolsVersion = 14.1;
					};
				};
			};
			buildConfigurationList = FC5DEC0F2939513900B6FCB9 /* Build configuration list for PBXProject "SUIfirst" */;
			compatibilityVersion = "Xcode 14.0";
			developmentRegion = en;
			hasScannedForEncodings = 0;
			knownRegions = (
				en,
				Base,
			);
			mainGroup = FC5DEC0B2939513900B6FCB9;
			productRefGroup = FC5DEC152939513900B6FCB9 /* Products */;
			projectDirPath = "";
			projectRoot = "";
			targets = (
				FC5DEC132939513900B6FCB9 /* SUIfirst */,
			);
		};
/* End PBXProject section */

/* Begin PBXResourcesBuildPhase section */
		FC5DEC122939513900B6FCB9 /* Resources */ = {
			isa = PBXResourcesBuildPhase;
			buildActionMask = 2147483647;
			files = (
				FC5DEC1F2939513B00B6FCB9 /* Preview Assets.xcassets in Resources */,
				FC5DEC1C2939513B00B6FCB9 /* Assets.xcassets in Resources */,
				FC5AAD93293F3A4E001140AF /* ZenDots-Regular.ttf in Resources */,
			);
			runOnlyForDeploymentPostprocessing = 0;
		};
/* End PBXResourcesBuildPhase section */

/* Begin PBXSourcesBuildPhase section */
		FC5DEC102939513900B6FCB9 /* Sources */ = {
			isa = PBXSourcesBuildPhase;
			buildActionMask = 2147483647;
			files = (
				FC5DEC1A2939513900B6FCB9 /* ContentView.swift in Sources */,
				FC4E73FD29817066008AF866 /* DemoView.swift in Sources */,
				FC5AAD96293F5208001140AF /* InfoView.swift in Sources */,
				FC5DEC182939513900B6FCB9 /* SUIfirstApp.swift in Sources */,
			);
			runOnlyForDeploymentPostprocessing = 0;
		};
/* End PBXSourcesBuildPhase section */

/* Begin XCBuildConfiguration section */
		FC5DEC202939513B00B6FCB9 /* Debug */ = {
			isa = XCBuildConfiguration;
			buildSettings = {
				ALWAYS_SEARCH_USER_PATHS = NO;
				CLANG_ANALYZER_NONNULL = YES;
				CLANG_ANALYZER_NUMBER_OBJECT_CONVERSION = YES_AGGRESSIVE;
				CLANG_CXX_LANGUAGE_STANDARD = "gnu++20";
				CLANG_ENABLE_MODULES = YES;
				CLANG_ENABLE_OBJC_ARC = YES;
				CLANG_ENABLE_OBJC_WEAK = YES;
				CLANG_WARN_BLOCK_CAPTURE_AUTORELEASING = YES;
				CLANG_WARN_BOOL_CONVERSION = YES;
				CLANG_WARN_COMMA = YES;
				CLANG_WARN_CONSTANT_CONVERSION = YES;
				CLANG_WARN_DEPRECATED_OBJC_IMPLEMENTATIONS = YES;
				CLANG_WARN_DIRECT_OBJC_ISA_USAGE = YES_ERROR;
				CLANG_WARN_DOCUMENTATION_COMMENTS = YES;
				CLANG_WARN_EMPTY_BODY = YES;
				CLANG_WARN_ENUM_CONVERSION = YES;
				CLANG_WARN_INFINITE_RECURSION = YES;
				CLANG_WARN_INT_CONVERSION = YES;
				CLANG_WARN_NON_LITERAL_NULL_CONVERSION = YES;
				CLANG_WARN_OBJC_IMPLICIT_RETAIN_SELF = YES;
				CLANG_WARN_OBJC_LITERAL_CONVERSION = YES;
				CLANG_WARN_OBJC_ROOT_CLASS = YES_ERROR;
				CLANG_WARN_QUOTED_INCLUDE_IN_FRAMEWORK_HEADER = YES;
				CLANG_WARN_RANGE_LOOP_ANALYSIS = YES;
				CLANG_WARN_STRICT_PROTOTYPES = YES;
				CLANG_WARN_SUSPICIOUS_MOVE = YES;
				CLANG_WARN_UNGUARDED_AVAILABILITY = YES_AGGRESSIVE;
				CLANG_WARN_UNREACHABLE_CODE = YES;
				CLANG_WARN__DUPLICATE_METHOD_MATCH = YES;
				COPY_PHASE_STRIP = NO;
				DEBUG_INFORMATION_FORMAT = dwarf;
				ENABLE_STRICT_OBJC_MSGSEND = YES;
				ENABLE_TESTABILITY = YES;
				GCC_C_LANGUAGE_STANDARD = gnu11;
				GCC_DYNAMIC_NO_PIC = NO;
				GCC_NO_COMMON_BLOCKS = YES;
				GCC_OPTIMIZATION_LEVEL = 0;
				GCC_PREPROCESSOR_DEFINITIONS = (
					"DEBUG=1",
					"$(inherited)",
				);
				GCC_WARN_64_TO_32_BIT_CONVERSION = YES;
				GCC_WARN_ABOUT_RETURN_TYPE = YES_ERROR;
				GCC_WARN_UNDECLARED_SELECTOR = YES;
				GCC_WARN_UNINITIALIZED_AUTOS = YES_AGGRESSIVE;
				GCC_WARN_UNUSED_FUNCTION = YES;
				GCC_WARN_UNUSED_VARIABLE = YES;
				IPHONEOS_DEPLOYMENT_TARGET = 16.1;
				MTL_ENABLE_DEBUG_INFO = INCLUDE_SOURCE;
				MTL_FAST_MATH = YES;
				ONLY_ACTIVE_ARCH = YES;
				SDKROOT = iphoneos;
				SWIFT_ACTIVE_COMPILATION_CONDITIONS = DEBUG;
				SWIFT_OPTIMIZATION_LEVEL = "-Onone";
			};
			name = Debug;
		};
		FC5DEC212939513B00B6FCB9 /* Release */ = {
			isa = XCBuildConfiguration;
			buildSettings = {
				ALWAYS_SEARCH_USER_PATHS = NO;
				CLANG_ANALYZER_NONNULL = YES;
				CLANG_ANALYZER_NUMBER_OBJECT_CONVERSION = YES_AGGRESSIVE;
				CLANG_CXX_LANGUAGE_STANDARD = "gnu++20";
				CLANG_ENABLE_MODULES = YES;
				CLANG_ENABLE_OBJC_ARC = YES;
				CLANG_ENABLE_OBJC_WEAK = YES;
				CLANG_WARN_BLOCK_CAPTURE_AUTORELEASING = YES;
				CLANG_WARN_BOOL_CONVERSION = YES;
				CLANG_WARN_COMMA = YES;
				CLANG_WARN_CONSTANT_CONVERSION = YES;
				CLANG_WARN_DEPRECATED_OBJC_IMPLEMENTATIONS = YES;
				CLANG_WARN_DIRECT_OBJC_ISA_USAGE = YES_ERROR;
				CLANG_WARN_DOCUMENTATION_COMMENTS = YES;
				CLANG_WARN_EMPTY_BODY = YES;
				CLANG_WARN_ENUM_CONVERSION = YES;
				CLANG_WARN_INFINITE_RECURSION = YES;
				CLANG_WARN_INT_CONVERSION = YES;
				CLANG_WARN_NON_LITERAL_NULL_CONVERSION = YES;
				CLANG_WARN_OBJC_IMPLICIT_RETAIN_SELF = YES;
				CLANG_WARN_OBJC_LITERAL_CONVERSION = YES;
				CLANG_WARN_OBJC_ROOT_CLASS = YES_ERROR;
				CLANG_WARN_QUOTED_INCLUDE_IN_FRAMEWORK_HEADER = YES;
				CLANG_WARN_RANGE_LOOP_ANALYSIS = YES;
				CLANG_WARN_STRICT_PROTOTYPES = YES;
				CLANG_WARN_SUSPICIOUS_MOVE = YES;
				CLANG_WARN_UNGUARDED_AVAILABILITY = YES_AGGRESSIVE;
				CLANG_WARN_UNREACHABLE_CODE = YES;
				CLANG_WARN__DUPLICATE_METHOD_MATCH = YES;
				COPY_PHASE_STRIP = NO;
				DEBUG_INFORMATION_FORMAT = "dwarf-with-dsym";
				ENABLE_NS_ASSERTIONS = NO;
				ENABLE_STRICT_OBJC_MSGSEND = YES;
				GCC_C_LANGUAGE_STANDARD = gnu11;
				GCC_NO_COMMON_BLOCKS = YES;
				GCC_WARN_64_TO_32_BIT_CONVERSION = YES;
				GCC_WARN_ABOUT_RETURN_TYPE = YES_ERROR;
				GCC_WARN_UNDECLARED_SELECTOR = YES;
				GCC_WARN_UNINITIALIZED_AUTOS = YES_AGGRESSIVE;
				GCC_WARN_UNUSED_FUNCTION = YES;
				GCC_WARN_UNUSED_VARIABLE = YES;
				IPHONEOS_DEPLOYMENT_TARGET = 16.1;
				MTL_ENABLE_DEBUG_INFO = NO;
				MTL_FAST_MATH = YES;
				SDKROOT = iphoneos;
				SWIFT_COMPILATION_MODE = wholemodule;
				SWIFT_OPTIMIZATION_LEVEL = "-O";
				VALIDATE_PRODUCT = YES;
			};
			name = Release;
		};
		FC5DEC232939513B00B6FCB9 /* Debug */ = {
			isa = XCBuildConfiguration;
			buildSettings = {
				ASSETCATALOG_COMPILER_APPICON_NAME = AppIcon;
				ASSETCATALOG_COMPILER_GLOBAL_ACCENT_COLOR_NAME = AccentColor;
				CODE_SIGN_STYLE = Automatic;
				CURRENT_PROJECT_VERSION = 1;
				DEVELOPMENT_ASSET_PATHS = "\"SUIfirst/Preview Content\"";
				DEVELOPMENT_TEAM = RCUPNKG6W5;
				ENABLE_PREVIEWS = YES;
				GENERATE_INFOPLIST_FILE = YES;
				INFOPLIST_FILE = SUIfirst/Info.plist;
				INFOPLIST_KEY_UIApplicationSceneManifest_Generation = YES;
				INFOPLIST_KEY_UIApplicationSupportsIndirectInputEvents = YES;
				INFOPLIST_KEY_UISupportedInterfaceOrientations_iPad = "UIInterfaceOrientationPortrait UIInterfaceOrientationPortraitUpsideDown UIInterfaceOrientationLandscapeLeft UIInterfaceOrientationLandscapeRight";
				INFOPLIST_KEY_UISupportedInterfaceOrientations_iPhone = "UIInterfaceOrientationPortrait UIInterfaceOrientationLandscapeLeft UIInterfaceOrientationLandscapeRight";
				LD_RUNPATH_SEARCH_PATHS = (
					"$(inherited)",
					"@executable_path/Frameworks",
				);
				MARKETING_VERSION = 1.0;
				PRODUCT_BUNDLE_IDENTIFIER = jon.SUIfirst;
				PRODUCT_NAME = "$(TARGET_NAME)";
				SWIFT_EMIT_LOC_STRINGS = YES;
				SWIFT_VERSION = 5.0;
				TARGETED_DEVICE_FAMILY = "1,2";
			};
			name = Debug;
		};
		FC5DEC242939513B00B6FCB9 /* Release */ = {
			isa = XCBuildConfiguration;
			buildSettings = {
				ASSETCATALOG_COMPILER_APPICON_NAME = AppIcon;
				ASSETCATALOG_COMPILER_GLOBAL_ACCENT_COLOR_NAME = AccentColor;
				CODE_SIGN_STYLE = Automatic;
				CURRENT_PROJECT_VERSION = 1;
				DEVELOPMENT_ASSET_PATHS = "\"SUIfirst/Preview Content\"";
				DEVELOPMENT_TEAM = RCUPNKG6W5;
				ENABLE_PREVIEWS = YES;
				GENERATE_INFOPLIST_FILE = YES;
				INFOPLIST_FILE = SUIfirst/Info.plist;
				INFOPLIST_KEY_UIApplicationSceneManifest_Generation = YES;
				INFOPLIST_KEY_UIApplicationSupportsIndirectInputEvents = YES;
				INFOPLIST_KEY_UISupportedInterfaceOrientations_iPad = "UIInterfaceOrientationPortrait UIInterfaceOrientationPortraitUpsideDown UIInterfaceOrientationLandscapeLeft UIInterfaceOrientationLandscapeRight";
				INFOPLIST_KEY_UISupportedInterfaceOrientations_iPhone = "UIInterfaceOrientationPortrait UIInterfaceOrientationLandscapeLeft UIInterfaceOrientationLandscapeRight";
				LD_RUNPATH_SEARCH_PATHS = (
					"$(inherited)",
					"@executable_path/Frameworks",
				);
				MARKETING_VERSION = 1.0;
				PRODUCT_BUNDLE_IDENTIFIER = jon.SUIfirst;
				PRODUCT_NAME = "$(TARGET_NAME)";
				SWIFT_EMIT_LOC_STRINGS = YES;
				SWIFT_VERSION = 5.0;
				TARGETED_DEVICE_FAMILY = "1,2";
			};
			name = Release;
		};
/* End XCBuildConfiguration section */

/* Begin XCConfigurationList section */
		FC5DEC0F2939513900B6FCB9 /* Build configuration list for PBXProject "SUIfirst" */ = {
			isa = XCConfigurationList;
			buildConfigurations = (
				FC5DEC202939513B00B6FCB9 /* Debug */,
				FC5DEC212939513B00B6FCB9 /* Release */,
			);
			defaultConfigurationIsVisible = 0;
			defaultConfigurationName = Release;
		};
		FC5DEC222939513B00B6FCB9 /* Build configuration list for PBXNativeTarget "SUIfirst" */ = {
			isa = XCConfigurationList;
			buildConfigurations = (
				FC5DEC232939513B00B6FCB9 /* Debug */,
				FC5DEC242939513B00B6FCB9 /* Release */,
			);
			defaultConfigurationIsVisible = 0;
			defaultConfigurationName = Release;
		};
/* End XCConfigurationList section */
	};
	rootObject = FC5DEC0C2939513900B6FCB9 /* Project object */;
}
